
Microsoft Visual Studio Solution File, Format Version 12.00
# Visual Studio 15
VisualStudioVersion = 15.0.28307.106
MinimumVisualStudioVersion = 10.0.40219.1
Project("{FAE04EC0-301F-11D3-BF4B-00C04F79EFBC}") = "SwissTransport", "src\SwissTransport\SwissTransport.csproj", "{D0262178-A48F-4DE0-807B-E76B63E39421}"
EndProject
Project("{FAE04EC0-301F-11D3-BF4B-00C04F79EFBC}") = "SwissTransportTest", "tests\SwissTransportTest\SwissTransportTest.csproj", "{959C6E54-5B1C-40F5-938A-C57B17451421}"
EndProject
Project("{FAE04EC0-301F-11D3-BF4B-00C04F79EFBC}") = "SwissTransportApp", "SwissTransportUI\SwissTransportApp.csproj", "{619B0873-7B7A-4561-93DB-CA67A9B7ACC2}"
EndProject
Project("{54435603-DBB4-11D2-8724-00A0C9A8B90C}") = "SwissTransportAppSetup", "SwissTransportAppSetup\SwissTransportAppSetup.vdproj", "{1CC8C603-0B28-4BC6-8175-8F1578CEC8EE}"
EndProject
Global
	GlobalSection(SolutionConfigurationPlatforms) = preSolution
		Debug|Any CPU = Debug|Any CPU
		Release|Any CPU = Release|Any CPU
	EndGlobalSection
	GlobalSection(ProjectConfigurationPlatforms) = postSolution
		{D0262178-A48F-4DE0-807B-E76B63E39421}.Debug|Any CPU.ActiveCfg = Debug|Any CPU
		{D0262178-A48F-4DE0-807B-E76B63E39421}.Debug|Any CPU.Build.0 = Debug|Any CPU
		{D0262178-A48F-4DE0-807B-E76B63E39421}.Release|Any CPU.ActiveCfg = Release|Any CPU
		{D0262178-A48F-4DE0-807B-E76B63E39421}.Release|Any CPU.Build.0 = Release|Any CPU
		{959C6E54-5B1C-40F5-938A-C57B17451421}.Debug|Any CPU.ActiveCfg = Debug|Any CPU
		{959C6E54-5B1C-40F5-938A-C57B17451421}.Debug|Any CPU.Build.0 = Debug|Any CPU
		{959C6E54-5B1C-40F5-938A-C57B17451421}.Release|Any CPU.ActiveCfg = Release|Any CPU
		{959C6E54-5B1C-40F5-938A-C57B17451421}.Release|Any CPU.Build.0 = Release|Any CPU
		{619B0873-7B7A-4561-93DB-CA67A9B7ACC2}.Debug|Any CPU.ActiveCfg = Debug|Any CPU
		{619B0873-7B7A-4561-93DB-CA67A9B7ACC2}.Debug|Any CPU.Build.0 = Debug|Any CPU
		{619B0873-7B7A-4561-93DB-CA67A9B7ACC2}.Release|Any CPU.ActiveCfg = Release|Any CPU
		{619B0873-7B7A-4561-93DB-CA67A9B7ACC2}.Release|Any CPU.Build.0 = Release|Any CPU
		{1CC8C603-0B28-4BC6-8175-8F1578CEC8EE}.Debug|Any CPU.ActiveCfg = Debug
		{1CC8C603-0B28-4BC6-8175-8F1578CEC8EE}.Release|Any CPU.ActiveCfg = Release
	EndGlobalSection
	GlobalSection(SolutionProperties) = preSolution
		HideSolutionNode = FALSE
	EndGlobalSection
	GlobalSection(ExtensibilityGlobals) = postSolution
		SolutionGuid = {8FCD0F2A-2092-4C69-81EC-CEA0FC4B46E8}
	EndGlobalSection
EndGlobal
